
Microsoft Visual Studio Solution File, Format Version 12.00
# Visual Studio Version 17
VisualStudioVersion = 17.13.35931.197 d17.13
MinimumVisualStudioVersion = 10.0.40219.1
Project("{FAE04EC0-301F-11D3-BF4B-00C04F79EFBC}") = "LearningCenterPlatform", "LearningCenterPlatform\LearningCenterPlatform.csproj", "{7CABB9F8-57D1-42D1-B872-34D74E397BF7}"
EndProject
Global
	GlobalSection(SolutionConfigurationPlatforms) = preSolution
		Debug|Any CPU = Debug|Any CPU
		Release|Any CPU = Release|Any CPU
	EndGlobalSection
	GlobalSection(ProjectConfigurationPlatforms) = postSolution
		{7CABB9F8-57D1-42D1-B872-34D74E397BF7}.Debug|Any CPU.ActiveCfg = Debug|Any CPU
		{7CABB9F8-57D1-42D1-B872-34D74E397BF7}.Debug|Any CPU.Build.0 = Debug|Any CPU
		{7CABB9F8-57D1-42D1-B872-34D74E397BF7}.Release|Any CPU.ActiveCfg = Release|Any CPU
		{7CABB9F8-57D1-42D1-B872-34D74E397BF7}.Release|Any CPU.Build.0 = Release|Any CPU
	EndGlobalSection
	GlobalSection(SolutionProperties) = preSolution
		HideSolutionNode = FALSE
	EndGlobalSection
	GlobalSection(ExtensibilityGlobals) = postSolution
		SolutionGuid = {EF93CF4A-9F8F-4A82-866F-27629229CDD8}
	EndGlobalSection
EndGlobal
